
Microsoft Visual Studio Solution File, Format Version 12.00
# Visual Studio Version 17
VisualStudioVersion = 17.10.34916.146
MinimumVisualStudioVersion = 10.0.40219.1
Project("{FAE04EC0-301F-11D3-BF4B-00C04F79EFBC}") = "OCP", "OCP\OCP.csproj", "{A23522F7-C261-4394-83F7-EA3953E72589}"
EndProject
Project("{FAE04EC0-301F-11D3-BF4B-00C04F79EFBC}") = "WebApplication1", "WebApplication1\WebApplication1.csproj", "{4036E33E-BCD8-4198-AFDF-7D323C21CE26}"
EndProject
Global
	GlobalSection(SolutionConfigurationPlatforms) = preSolution
		Debug|Any CPU = Debug|Any CPU
		Release|Any CPU = Release|Any CPU
	EndGlobalSection
	GlobalSection(ProjectConfigurationPlatforms) = postSolution
		{A23522F7-C261-4394-83F7-EA3953E72589}.Debug|Any CPU.ActiveCfg = Debug|Any CPU
		{A23522F7-C261-4394-83F7-EA3953E72589}.Debug|Any CPU.Build.0 = Debug|Any CPU
		{A23522F7-C261-4394-83F7-EA3953E72589}.Release|Any CPU.ActiveCfg = Release|Any CPU
		{A23522F7-C261-4394-83F7-EA3953E72589}.Release|Any CPU.Build.0 = Release|Any CPU
		{4036E33E-BCD8-4198-AFDF-7D323C21CE26}.Debug|Any CPU.ActiveCfg = Debug|Any CPU
		{4036E33E-BCD8-4198-AFDF-7D323C21CE26}.Debug|Any CPU.Build.0 = Debug|Any CPU
		{4036E33E-BCD8-4198-AFDF-7D323C21CE26}.Release|Any CPU.ActiveCfg = Release|Any CPU
		{4036E33E-BCD8-4198-AFDF-7D323C21CE26}.Release|Any CPU.Build.0 = Release|Any CPU
	EndGlobalSection
	GlobalSection(SolutionProperties) = preSolution
		HideSolutionNode = FALSE
	EndGlobalSection
	GlobalSection(ExtensibilityGlobals) = postSolution
		SolutionGuid = {32AF41DC-C79F-43E4-B024-3F5EAD3AD28C}
	EndGlobalSection
EndGlobal
